Microsoft Visual Studio Solution File, Format Version 12.00
# Visual Studio 14
VisualStudioVersion = 14.0.25420.1
MinimumVisualStudioVersion = 10.0.40219.1
Project("{FAE04EC0-301F-11D3-BF4B-00C04F79EFBC}") = "Ory.Hydra.Client", "src\Ory.Hydra.Client\Ory.Hydra.Client.csproj", "{F5A36FF3-3A21-4457-BFA1-8C23993E773F}"
EndProject
Project("{FAE04EC0-301F-11D3-BF4B-00C04F79EFBC}") = "Ory.Hydra.Client.Test", "src\Ory.Hydra.Client.Test\Ory.Hydra.Client.Test.csproj", "{19F1DEBC-DE5E-4517-8062-F000CD499087}"
EndProject
Global
	GlobalSection(SolutionConfigurationPlatforms) = preSolution
		Debug|Any CPU = Debug|Any CPU
		Release|Any CPU = Release|Any CPU
	EndGlobalSection
	GlobalSection(ProjectConfigurationPlatforms) = postSolution
		{F5A36FF3-3A21-4457-BFA1-8C23993E773F}.Debug|Any CPU.ActiveCfg = Debug|Any CPU
		{F5A36FF3-3A21-4457-BFA1-8C23993E773F}.Debug|Any CPU.Build.0 = Debug|Any CPU
		{F5A36FF3-3A21-4457-BFA1-8C23993E773F}.Release|Any CPU.ActiveCfg = Release|Any CPU
		{F5A36FF3-3A21-4457-BFA1-8C23993E773F}.Release|Any CPU.Build.0 = Release|Any CPU
		{19F1DEBC-DE5E-4517-8062-F000CD499087}.Debug|Any CPU.ActiveCfg = Debug|Any CPU
		{19F1DEBC-DE5E-4517-8062-F000CD499087}.Debug|Any CPU.Build.0 = Debug|Any CPU
		{19F1DEBC-DE5E-4517-8062-F000CD499087}.Release|Any CPU.ActiveCfg = Release|Any CPU
		{19F1DEBC-DE5E-4517-8062-F000CD499087}.Release|Any CPU.Build.0 = Release|Any CPU
	EndGlobalSection
	GlobalSection(SolutionProperties) = preSolution
		HideSolutionNode = FALSE
	EndGlobalSection
EndGlobal